
Microsoft Visual Studio Solution File, Format Version 12.00
# Visual Studio 2013
VisualStudioVersion = 12.0.21005.1
MinimumVisualStudioVersion = 10.0.40219.1
Project("{FAE04EC0-301F-11D3-BF4B-00C04F79EFBC}") = "SWAP", "SWAP\SWAP.csproj", "{FC315D68-7010-4349-B76B-9EBC7BE06229}"
EndProject
Project("{FAE04EC0-301F-11D3-BF4B-00C04F79EFBC}") = "SWAPTest", "SWAPTest\SWAPTest.csproj", "{1FBD88F7-7817-4AEF-8457-36752EE46433}"
EndProject
Global
	GlobalSection(SolutionConfigurationPlatforms) = preSolution
		Debug|Any CPU = Debug|Any CPU
		Release|Any CPU = Release|Any CPU
	EndGlobalSection
	GlobalSection(ProjectConfigurationPlatforms) = postSolution
		{FC315D68-7010-4349-B76B-9EBC7BE06229}.Debug|Any CPU.ActiveCfg = Debug|Any CPU
		{FC315D68-7010-4349-B76B-9EBC7BE06229}.Debug|Any CPU.Build.0 = Debug|Any CPU
		{FC315D68-7010-4349-B76B-9EBC7BE06229}.Release|Any CPU.ActiveCfg = Release|Any CPU
		{FC315D68-7010-4349-B76B-9EBC7BE06229}.Release|Any CPU.Build.0 = Release|Any CPU
		{1FBD88F7-7817-4AEF-8457-36752EE46433}.Debug|Any CPU.ActiveCfg = Debug|Any CPU
		{1FBD88F7-7817-4AEF-8457-36752EE46433}.Debug|Any CPU.Build.0 = Debug|Any CPU
		{1FBD88F7-7817-4AEF-8457-36752EE46433}.Release|Any CPU.ActiveCfg = Release|Any CPU
		{1FBD88F7-7817-4AEF-8457-36752EE46433}.Release|Any CPU.Build.0 = Release|Any CPU
	EndGlobalSection
	GlobalSection(SolutionProperties) = preSolution
		HideSolutionNode = FALSE
	EndGlobalSection
EndGlobal
